PODS:
  - Capacitor (7.4.5):
    - CapacitorCordova
  - CapacitorCordova (7.4.5)
  - CapacitorLocalNotifications (7.0.5):
    - Capacitor
  - CapacitorPushNotifications (7.0.5):
    - Capacitor

DEPENDENCIES:
  - "Capacitor (from `../../node_modules/@capacitor/ios`)"
  - "CapacitorCordova (from `../../node_modules/@capacitor/ios`)"
  - "CapacitorLocalNotifications (from `../../node_modules/@capacitor/local-notifications`)"
  - "CapacitorPushNotifications (from `../../node_modules/@capacitor/push-notifications`)"

EXTERNAL SOURCES:
  Capacitor:
    :path: "../../node_modules/@capacitor/ios"
  CapacitorCordova:
    :path: "../../node_modules/@capacitor/ios"
  CapacitorLocalNotifications:
    :path: "../../node_modules/@capacitor/local-notifications"
  CapacitorPushNotifications:
    :path: "../../node_modules/@capacitor/push-notifications"

SPEC CHECKSUMS:
  Capacitor: 12914e6f1b7835e161a74ebd19cb361efa37a7dd
  CapacitorCordova: 31bbe4466000c6b86d9b7f1181ee286cff0205aa
  CapacitorLocalNotifications: 77dd7681c558eaee278a1fcec812dcad0c741a98
  CapacitorPushNotifications: 2d8af7b97c3cf64cb3dc591ce28bc37ef00c1c0a

PODFILE CHECKSUM: b036a7121c17a695d1ff50b50dc9e600f023b1ab

COCOAPODS: 1.16.2
